
Microsoft Visual Studio Solution File, Format Version 12.00
# Visual Studio 15
VisualStudioVersion = 15.0.27703.2000
MinimumVisualStudioVersion = 10.0.40219.1
Project("{9A19103F-16F7-4668-BE54-9A1E7A4F7556}") = "Launcher", "Launcher\Launcher.csproj", "{4E9DCE76-FC73-4EDE-A08E-5D369F26587B}"
EndProject
Global
	GlobalSection(SolutionConfigurationPlatforms) = preSolution
		Debug|Any CPU = Debug|Any CPU
		Release|Any CPU = Release|Any CPU
	EndGlobalSection
	GlobalSection(ProjectConfigurationPlatforms) = postSolution
		{4E9DCE76-FC73-4EDE-A08E-5D369F26587B}.Debug|Any CPU.ActiveCfg = Debug|Any CPU
		{4E9DCE76-FC73-4EDE-A08E-5D369F26587B}.Debug|Any CPU.Build.0 = Debug|Any CPU
		{4E9DCE76-FC73-4EDE-A08E-5D369F26587B}.Release|Any CPU.ActiveCfg = Release|Any CPU
		{4E9DCE76-FC73-4EDE-A08E-5D369F26587B}.Release|Any CPU.Build.0 = Release|Any CPU
	EndGlobalSection
	GlobalSection(SolutionProperties) = preSolution
		HideSolutionNode = FALSE
	EndGlobalSection
	GlobalSection(ExtensibilityGlobals) = postSolution
		SolutionGuid = {EE95C2C3-A01D-4DDB-9945-EEE6244BB8C7}
	EndGlobalSection
EndGlobal
